
Microsoft Visual Studio Solution File, Format Version 12.00
# Visual Studio Version 16
VisualStudioVersion = 16.0.29806.167
MinimumVisualStudioVersion = 10.0.40219.1
Project("{2150E333-8FDC-42A3-9474-1A3956D46DE8}") = "Fichas", "Fichas", "{5AEC960A-1327-4201-99C5-4EF5B52A09FC}"
EndProject
Project("{9A19103F-16F7-4668-BE54-9A1E7A4F7556}") = "Consola", "Consola\Consola.csproj", "{CF0ADC19-44C7-4079-9BAC-459452BE3A40}"
EndProject
Project("{9A19103F-16F7-4668-BE54-9A1E7A4F7556}") = "Ficha 10", "Biblioteca\Ficha 10.csproj", "{F0113D5C-8701-4823-A0DA-CF5BFB14B7A4}"
EndProject
Project("{9A19103F-16F7-4668-BE54-9A1E7A4F7556}") = "Ficha11", "Ficha7\Ficha11.csproj", "{C36C3E9A-905D-4666-9C96-66560B128A39}"
EndProject
Project("{9A19103F-16F7-4668-BE54-9A1E7A4F7556}") = "Ficha12", "Ficha9\Ficha12.csproj", "{B5C2FAEB-D6A9-41B4-9212-C0A529852A5A}"
EndProject
Project("{9A19103F-16F7-4668-BE54-9A1E7A4F7556}") = "Ficha13", "Ficha13\Ficha13.csproj", "{25B3FFBE-3A48-424A-88C5-B8F220DA6BA0}"
EndProject
Project("{9A19103F-16F7-4668-BE54-9A1E7A4F7556}") = "Ficha14", "Ficha 14\Ficha14.csproj", "{89B1CB8F-8E3B-4723-9DCD-5114B6240674}"
EndProject
Project("{9A19103F-16F7-4668-BE54-9A1E7A4F7556}") = "Ficha15", "Ficha15\Ficha15.csproj", "{D8723290-993F-4BCB-86F1-7AE1E6B4812B}"
EndProject
Project("{9A19103F-16F7-4668-BE54-9A1E7A4F7556}") = "Ficha16", "Ficha16\Ficha16.csproj", "{381974A4-95ED-4108-89FF-90DDA25FA15C}"
EndProject
Project("{9A19103F-16F7-4668-BE54-9A1E7A4F7556}") = "Ficha17", "Ficha17\Ficha17.csproj", "{54B8904D-EA20-4B8B-83B2-8527D3EEAAEF}"
EndProject
Project("{9A19103F-16F7-4668-BE54-9A1E7A4F7556}") = "Testes", "Testes\Testes.csproj", "{199FD558-1676-4228-812A-7DFE234160DA}"
EndProject
Project("{FAE04EC0-301F-11D3-BF4B-00C04F79EFBC}") = "Ficha24", "Ficha24\Ficha24.csproj", "{50BA59AB-785E-44DA-9AE9-ACDF1CD30ED0}"
EndProject
Global
	GlobalSection(SolutionConfigurationPlatforms) = preSolution
		Debug|Any CPU = Debug|Any CPU
		Release|Any CPU = Release|Any CPU
	EndGlobalSection
	GlobalSection(ProjectConfigurationPlatforms) = postSolution
		{CF0ADC19-44C7-4079-9BAC-459452BE3A40}.Debug|Any CPU.ActiveCfg = Debug|Any CPU
		{CF0ADC19-44C7-4079-9BAC-459452BE3A40}.Debug|Any CPU.Build.0 = Debug|Any CPU
		{CF0ADC19-44C7-4079-9BAC-459452BE3A40}.Release|Any CPU.ActiveCfg = Release|Any CPU
		{CF0ADC19-44C7-4079-9BAC-459452BE3A40}.Release|Any CPU.Build.0 = Release|Any CPU
		{F0113D5C-8701-4823-A0DA-CF5BFB14B7A4}.Debug|Any CPU.ActiveCfg = Debug|Any CPU
		{F0113D5C-8701-4823-A0DA-CF5BFB14B7A4}.Debug|Any CPU.Build.0 = Debug|Any CPU
		{F0113D5C-8701-4823-A0DA-CF5BFB14B7A4}.Release|Any CPU.ActiveCfg = Release|Any CPU
		{F0113D5C-8701-4823-A0DA-CF5BFB14B7A4}.Release|Any CPU.Build.0 = Release|Any CPU
		{C36C3E9A-905D-4666-9C96-66560B128A39}.Debug|Any CPU.ActiveCfg = Debug|Any CPU
		{C36C3E9A-905D-4666-9C96-66560B128A39}.Debug|Any CPU.Build.0 = Debug|Any CPU
		{C36C3E9A-905D-4666-9C96-66560B128A39}.Release|Any CPU.ActiveCfg = Release|Any CPU
		{C36C3E9A-905D-4666-9C96-66560B128A39}.Release|Any CPU.Build.0 = Release|Any CPU
		{B5C2FAEB-D6A9-41B4-9212-C0A529852A5A}.Debug|Any CPU.ActiveCfg = Debug|Any CPU
		{B5C2FAEB-D6A9-41B4-9212-C0A529852A5A}.Debug|Any CPU.Build.0 = Debug|Any CPU
		{B5C2FAEB-D6A9-41B4-9212-C0A529852A5A}.Release|Any CPU.ActiveCfg = Release|Any CPU
		{B5C2FAEB-D6A9-41B4-9212-C0A529852A5A}.Release|Any CPU.Build.0 = Release|Any CPU
		{25B3FFBE-3A48-424A-88C5-B8F220DA6BA0}.Debug|Any CPU.ActiveCfg = Debug|Any CPU
		{25B3FFBE-3A48-424A-88C5-B8F220DA6BA0}.Debug|Any CPU.Build.0 = Debug|Any CPU
		{25B3FFBE-3A48-424A-88C5-B8F220DA6BA0}.Release|Any CPU.ActiveCfg = Release|Any CPU
		{25B3FFBE-3A48-424A-88C5-B8F220DA6BA0}.Release|Any CPU.Build.0 = Release|Any CPU
		{89B1CB8F-8E3B-4723-9DCD-5114B6240674}.Debug|Any CPU.ActiveCfg = Debug|Any CPU
		{89B1CB8F-8E3B-4723-9DCD-5114B6240674}.Debug|Any CPU.Build.0 = Debug|Any CPU
		{89B1CB8F-8E3B-4723-9DCD-5114B6240674}.Release|Any CPU.ActiveCfg = Release|Any CPU
		{89B1CB8F-8E3B-4723-9DCD-5114B6240674}.Release|Any CPU.Build.0 = Release|Any CPU
		{D8723290-993F-4BCB-86F1-7AE1E6B4812B}.Debug|Any CPU.ActiveCfg = Debug|Any CPU
		{D8723290-993F-4BCB-86F1-7AE1E6B4812B}.Debug|Any CPU.Build.0 = Debug|Any CPU
		{D8723290-993F-4BCB-86F1-7AE1E6B4812B}.Release|Any CPU.ActiveCfg = Release|Any CPU
		{D8723290-993F-4BCB-86F1-7AE1E6B4812B}.Release|Any CPU.Build.0 = Release|Any CPU
		{381974A4-95ED-4108-89FF-90DDA25FA15C}.Debug|Any CPU.ActiveCfg = Debug|Any CPU
		{381974A4-95ED-4108-89FF-90DDA25FA15C}.Debug|Any CPU.Build.0 = Debug|Any CPU
		{381974A4-95ED-4108-89FF-90DDA25FA15C}.Release|Any CPU.ActiveCfg = Release|Any CPU
		{381974A4-95ED-4108-89FF-90DDA25FA15C}.Release|Any CPU.Build.0 = Release|Any CPU
		{54B8904D-EA20-4B8B-83B2-8527D3EEAAEF}.Debug|Any CPU.ActiveCfg = Debug|Any CPU
		{54B8904D-EA20-4B8B-83B2-8527D3EEAAEF}.Debug|Any CPU.Build.0 = Debug|Any CPU
		{54B8904D-EA20-4B8B-83B2-8527D3EEAAEF}.Release|Any CPU.ActiveCfg = Release|Any CPU
		{54B8904D-EA20-4B8B-83B2-8527D3EEAAEF}.Release|Any CPU.Build.0 = Release|Any CPU
		{199FD558-1676-4228-812A-7DFE234160DA}.Debug|Any CPU.ActiveCfg = Debug|Any CPU
		{199FD558-1676-4228-812A-7DFE234160DA}.Debug|Any CPU.Build.0 = Debug|Any CPU
		{199FD558-1676-4228-812A-7DFE234160DA}.Release|Any CPU.ActiveCfg = Release|Any CPU
		{199FD558-1676-4228-812A-7DFE234160DA}.Release|Any CPU.Build.0 = Release|Any CPU
		{50BA59AB-785E-44DA-9AE9-ACDF1CD30ED0}.Debug|Any CPU.ActiveCfg = Debug|Any CPU
		{50BA59AB-785E-44DA-9AE9-ACDF1CD30ED0}.Debug|Any CPU.Build.0 = Debug|Any CPU
		{50BA59AB-785E-44DA-9AE9-ACDF1CD30ED0}.Release|Any CPU.ActiveCfg = Release|Any CPU
		{50BA59AB-785E-44DA-9AE9-ACDF1CD30ED0}.Release|Any CPU.Build.0 = Release|Any CPU
	EndGlobalSection
	GlobalSection(SolutionProperties) = preSolution
		HideSolutionNode = FALSE
	EndGlobalSection
	GlobalSection(NestedProjects) = preSolution
		{F0113D5C-8701-4823-A0DA-CF5BFB14B7A4} = {5AEC960A-1327-4201-99C5-4EF5B52A09FC}
		{C36C3E9A-905D-4666-9C96-66560B128A39} = {5AEC960A-1327-4201-99C5-4EF5B52A09FC}
		{B5C2FAEB-D6A9-41B4-9212-C0A529852A5A} = {5AEC960A-1327-4201-99C5-4EF5B52A09FC}
		{25B3FFBE-3A48-424A-88C5-B8F220DA6BA0} = {5AEC960A-1327-4201-99C5-4EF5B52A09FC}
		{89B1CB8F-8E3B-4723-9DCD-5114B6240674} = {5AEC960A-1327-4201-99C5-4EF5B52A09FC}
		{D8723290-993F-4BCB-86F1-7AE1E6B4812B} = {5AEC960A-1327-4201-99C5-4EF5B52A09FC}
		{381974A4-95ED-4108-89FF-90DDA25FA15C} = {5AEC960A-1327-4201-99C5-4EF5B52A09FC}
		{54B8904D-EA20-4B8B-83B2-8527D3EEAAEF} = {5AEC960A-1327-4201-99C5-4EF5B52A09FC}
		{199FD558-1676-4228-812A-7DFE234160DA} = {5AEC960A-1327-4201-99C5-4EF5B52A09FC}
		{50BA59AB-785E-44DA-9AE9-ACDF1CD30ED0} = {5AEC960A-1327-4201-99C5-4EF5B52A09FC}
	EndGlobalSection
	GlobalSection(ExtensibilityGlobals) = postSolution
		SolutionGuid = {8C089B45-E54C-484E-94E2-CDD4C2662682}
	EndGlobalSection
EndGlobal
